
Microsoft Visual Studio Solution File, Format Version 12.00
# Visual Studio Version 16
VisualStudioVersion = 16.0.32002.261
MinimumVisualStudioVersion = 10.0.40219.1
Project("{F184B08F-C81C-45F6-A57F-5ABD9991F28F}") = "LEOS_IO_TCPIP", "LEOS_IO_TCPIP\LEOS_IO_TCPIP.vbproj", "{8DA032D3-988A-4D6F-83E0-A894350878AA}"
EndProject
Global
	GlobalSection(SolutionConfigurationPlatforms) = preSolution
		Debug|Any CPU = Debug|Any CPU
		Release|Any CPU = Release|Any CPU
	EndGlobalSection
	GlobalSection(ProjectConfigurationPlatforms) = postSolution
		{8DA032D3-988A-4D6F-83E0-A894350878AA}.Debug|Any CPU.ActiveCfg = Debug|Any CPU
		{8DA032D3-988A-4D6F-83E0-A894350878AA}.Debug|Any CPU.Build.0 = Debug|Any CPU
		{8DA032D3-988A-4D6F-83E0-A894350878AA}.Release|Any CPU.ActiveCfg = Release|Any CPU
		{8DA032D3-988A-4D6F-83E0-A894350878AA}.Release|Any CPU.Build.0 = Release|Any CPU
	EndGlobalSection
	GlobalSection(SolutionProperties) = preSolution
		HideSolutionNode = FALSE
	EndGlobalSection
	GlobalSection(ExtensibilityGlobals) = postSolution
		SolutionGuid = {14F8CF7D-EEFE-4BC2-8BF9-0EAB3DD3300B}
	EndGlobalSection
EndGlobal
